// !$*UTF8*$!
{
	archiveVersion = 1;
	classes = {
	};
	objectVersion = 46;
	objects = {

/* Begin PBXBuildFile section */
		54A1E5551882A31E00D556FD /* CoreLocation.framework in Frameworks */ = {isa = PBXBuildFile; fileRef = 54A1E5541882A31E00D556FD /* CoreLocation.framework */; };
		FE1E332914ED167800F6A6A2 /* UIKit.framework in Frameworks */ = {isa = PBXBuildFile; fileRef = FE1E332814ED167800F6A6A2 /* UIKit.framework */; };
		FE1E332B14ED167800F6A6A2 /* Foundation.framework in Frameworks */ = {isa = PBXBuildFile; fileRef = FE1E332A14ED167800F6A6A2 /* Foundation.framework */; };
		FE1E333314ED167800F6A6A2 /* InfoPlist.strings in Resources */ = {isa = PBXBuildFile; fileRef = FE1E333114ED167800F6A6A2 /* InfoPlist.strings */; };
		FE1E333514ED167800F6A6A2 /* main.m in Sources */ = {isa = PBXBuildFile; fileRef = FE1E333414ED167800F6A6A2 /* main.m */; };
		FE1E333914ED167800F6A6A2 /* AGAppDelegate.m in Sources */ = {isa = PBXBuildFile; fileRef = FE1E333814ED167800F6A6A2 /* AGAppDelegate.m */; };
		FE1E333C14ED167800F6A6A2 /* AGViewController.m in Sources */ = {isa = PBXBuildFile; fileRef = FE1E333B14ED167800F6A6A2 /* AGViewController.m */; };
		FE1E333F14ED167800F6A6A2 /* AGViewController_iPhone.xib in Resources */ = {isa = PBXBuildFile; fileRef = FE1E333D14ED167800F6A6A2 /* AGViewController_iPhone.xib */; };
		FE1E334214ED167800F6A6A2 /* AGViewController_iPad.xib in Resources */ = {isa = PBXBuildFile; fileRef = FE1E334014ED167800F6A6A2 /* AGViewController_iPad.xib */; };
		FE3850CB1501B8A10053C9DD /* README.md in Resources */ = {isa = PBXBuildFile; fileRef = FE3850CA1501B8A10053C9DD /* README.md */; };
		FE3851AF1504CF7B00A9F7F8 /* AGIPCToolbarItem.m in Sources */ = {isa = PBXBuildFile; fileRef = FE3851AE1504CF7B00A9F7F8 /* AGIPCToolbarItem.m */; };
		FE3BAF8814EE80E7001BF3EC /* AGIPCAssetsController.m in Sources */ = {isa = PBXBuildFile; fileRef = FE3BAF8714EE80E7001BF3EC /* AGIPCAssetsController.m */; };
		FE465F991590B25A00C30A1D /* ALAsset+AGIPC.m in Sources */ = {isa = PBXBuildFile; fileRef = FE465F981590B25A00C30A1D /* ALAsset+AGIPC.m */; };
		FE4DE10116C2546B0075E499 /* Default-568h@2x.png in Resources */ = {isa = PBXBuildFile; fileRef = FE4DE10016C2546B0075E499 /* Default-568h@2x.png */; };
		FE4DE10416C267410075E499 /* AGImagePickerController+Helper.m in Sources */ = {isa = PBXBuildFile; fileRef = FE4DE10316C267410075E499 /* AGImagePickerController+Helper.m */; };
		FEA599CC14ED1C500057FF9C /* AGImagePickerController.m in Sources */ = {isa = PBXBuildFile; fileRef = FEA599CA14ED1C500057FF9C /* AGImagePickerController.m */; };
		FEA599E814ED38EE0057FF9C /* AGIPCAlbumsController.m in Sources */ = {isa = PBXBuildFile; fileRef = FEA599E714ED38ED0057FF9C /* AGIPCAlbumsController.m */; };
		FECDC90114EDB9C30038006D /* AGIPCGridCell.m in Sources */ = {isa = PBXBuildFile; fileRef = FECDC90014EDB9C30038006D /* AGIPCGridCell.m */; };
		FECDC90514EDBB690038006D /* AGIPCGridItem.m in Sources */ = {isa = PBXBuildFile; fileRef = FECDC90414EDBB690038006D /* AGIPCGridItem.m */; };
		FEDAA95516C2F3D600234FF0 /* AssetsLibrary.framework in Frameworks */ = {isa = PBXBuildFile; fileRef = FEA599E114ED30140057FF9C /* AssetsLibrary.framework */; };
		FEDAA95716C3089600234FF0 /* AGImagePickerController.bundle in Resources */ = {isa = PBXBuildFile; fileRef = FEDAA95616C3089600234FF0 /* AGImagePickerController.bundle */; };
		FEE0F35D16C509EF001A077B /* AGImagePickerController.podspec in Resources */ = {isa = PBXBuildFile; fileRef = FEE0F35C16C509EF001A077B /* AGImagePickerController.podspec */; };
		FEF247F2150DF461008FEFAD /* AGImagePickerController-icon.png in Resources */ = {isa = PBXBuildFile; fileRef = FEF247F1150DF461008FEFAD /* AGImagePickerController-icon.png */; };
		FEF247F5150DF463008FEFAD /* AGImagePickerController-icon@2x.png in Resources */ = {isa = PBXBuildFile; fileRef = FEF247F4150DF463008FEFAD /* AGImagePickerController-icon@2x.png */; };
/* End PBXBuildFile section */

/* Begin PBXFileReference section */
		54A1E5541882A31E00D556FD /* CoreLocation.framework */ = {isa = PBXFileReference; lastKnownFileType = wrapper.framework; name = CoreLocation.framework; path = System/Library/Frameworks/CoreLocation.framework; sourceTree = SDKROOT; };
		FE1E332414ED167800F6A6A2 /* AGImagePickerController Demo.app */ = {isa = PBXFileReference; explicitFileType = wrapper.application; includeInIndex = 0; path = "AGImagePickerController Demo.app"; sourceTree = BUILT_PRODUCTS_DIR; };
		FE1E332814ED167800F6A6A2 /* UIKit.framework */ = {isa = PBXFileReference; lastKnownFileType = wrapper.framework; name = UIKit.framework; path = System/Library/Frameworks/UIKit.framework; sourceTree = SDKROOT; };
		FE1E332A14ED167800F6A6A2 /* Foundation.framework */ = {isa = PBXFileReference; lastKnownFileType = wrapper.framework; name = Foundation.framework; path = System/Library/Frameworks/Foundation.framework; sourceTree = SDKROOT; };
		FE1E332C14ED167800F6A6A2 /* CoreGraphics.framework */ = {isa = PBXFileReference; lastKnownFileType = wrapper.framework; name = CoreGraphics.framework; path = System/Library/Frameworks/CoreGraphics.framework; sourceTree = SDKROOT; };
		FE1E333014ED167800F6A6A2 /* AGImagePickerController Demo-Info.plist */ = {isa = PBXFileReference; lastKnownFileType = text.plist.xml; path = "AGImagePickerController Demo-Info.plist"; sourceTree = "<group>"; };
		FE1E333214ED167800F6A6A2 /* en */ = {isa = PBXFileReference; lastKnownFileType = text.plist.strings; name = en; path = en.lproj/InfoPlist.strings; sourceTree = "<group>"; };
		FE1E333414ED167800F6A6A2 /* main.m */ = {isa = PBXFileReference; lastKnownFileType = sourcecode.c.objc; path = main.m; sourceTree = "<group>"; };
		FE1E333614ED167800F6A6A2 /* AGImagePickerController Demo-Prefix.pch */ = {isa = PBXFileReference; lastKnownFileType = sourcecode.c.h; path = "AGImagePickerController Demo-Prefix.pch"; sourceTree = "<group>"; };
		FE1E333714ED167800F6A6A2 /* AGAppDelegate.h */ = {isa = PBXFileReference; lastKnownFileType = sourcecode.c.h; path = AGAppDelegate.h; sourceTree = "<group>"; };
		FE1E333814ED167800F6A6A2 /* AGAppDelegate.m */ = {isa = PBXFileReference; lastKnownFileType = sourcecode.c.objc; path = AGAppDelegate.m; sourceTree = "<group>"; };
		FE1E333A14ED167800F6A6A2 /* AGViewController.h */ = {isa = PBXFileReference; lastKnownFileType = sourcecode.c.h; path = AGViewController.h; sourceTree = "<group>"; };
		FE1E333B14ED167800F6A6A2 /* AGViewController.m */ = {isa = PBXFileReference; lastKnownFileType = sourcecode.c.objc; path = AGViewController.m; sourceTree = "<group>"; };
		FE1E333E14ED167800F6A6A2 /* en */ = {isa = PBXFileReference; lastKnownFileType = file.xib; name = en; path = en.lproj/AGViewController_iPhone.xib; sourceTree = "<group>"; };
		FE1E334114ED167800F6A6A2 /* en */ = {isa = PBXFileReference; lastKnownFileType = file.xib; name = en; path = en.lproj/AGViewController_iPad.xib; sourceTree = "<group>"; };
		FE3850CA1501B8A10053C9DD /* README.md */ = {isa = PBXFileReference; fileEncoding = 4; lastKnownFileType = text; path = README.md; sourceTree = SOURCE_ROOT; };
		FE3851AD1504CF7B00A9F7F8 /* AGIPCToolbarItem.h */ = {isa = PBXFileReference; fileEncoding = 4; lastKnownFileType = sourcecode.c.h; path = AGIPCToolbarItem.h; sourceTree = "<group>"; };
		FE3851AE1504CF7B00A9F7F8 /* AGIPCToolbarItem.m */ = {isa = PBXFileReference; fileEncoding = 4; lastKnownFileType = sourcecode.c.objc; path = AGIPCToolbarItem.m; sourceTree = "<group>"; };
		FE3BAF8614EE80E7001BF3EC /* AGIPCAssetsController.h */ = {isa = PBXFileReference; fileEncoding = 4; lastKnownFileType = sourcecode.c.h; path = AGIPCAssetsController.h; sourceTree = "<group>"; };
		FE3BAF8714EE80E7001BF3EC /* AGIPCAssetsController.m */ = {isa = PBXFileReference; fileEncoding = 4; lastKnownFileType = sourcecode.c.objc; path = AGIPCAssetsController.m; sourceTree = "<group>"; };
		FE465F971590B25A00C30A1D /* ALAsset+AGIPC.h */ = {isa = PBXFileReference; fileEncoding = 4; lastKnownFileType = sourcecode.c.h; path = "ALAsset+AGIPC.h"; sourceTree = "<group>"; };
		FE465F981590B25A00C30A1D /* ALAsset+AGIPC.m */ = {isa = PBXFileReference; fileEncoding = 4; lastKnownFileType = sourcecode.c.objc; path = "ALAsset+AGIPC.m"; sourceTree = "<group>"; };
		FE4DE10016C2546B0075E499 /* Default-568h@2x.png */ = {isa = PBXFileReference; lastKnownFileType = image.png; name = "Default-568h@2x.png"; path = "../Default-568h@2x.png"; sourceTree = "<group>"; };
		FE4DE10216C267400075E499 /* AGImagePickerController+Helper.h */ = {isa = PBXFileReference; fileEncoding = 4; lastKnownFileType = sourcecode.c.h; path = "AGImagePickerController+Helper.h"; sourceTree = "<group>"; };
		FE4DE10316C267410075E499 /* AGImagePickerController+Helper.m */ = {isa = PBXFileReference; fileEncoding = 4; lastKnownFileType = sourcecode.c.objc; path = "AGImagePickerController+Helper.m"; sourceTree = "<group>"; };
		FE6E796014FCDC8A006612F0 /* AGImagePickerControllerDefines.h */ = {isa = PBXFileReference; fileEncoding = 4; lastKnownFileType = sourcecode.c.h; path = AGImagePickerControllerDefines.h; sourceTree = "<group>"; };
		FEA599C914ED1C500057FF9C /* AGImagePickerController.h */ = {isa = PBXFileReference; fileEncoding = 4; lastKnownFileType = sourcecode.c.h; path = AGImagePickerController.h; sourceTree = "<group>"; };
		FEA599CA14ED1C500057FF9C /* AGImagePickerController.m */ = {isa = PBXFileReference; fileEncoding = 4; lastKnownFileType = sourcecode.c.objc; path = AGImagePickerController.m; sourceTree = "<group>"; };
		FEA599E114ED30140057FF9C /* AssetsLibrary.framework */ = {isa = PBXFileReference; lastKnownFileType = wrapper.framework; name = AssetsLibrary.framework; path = System/Library/Frameworks/AssetsLibrary.framework; sourceTree = SDKROOT; };
		FEA599E614ED38ED0057FF9C /* AGIPCAlbumsController.h */ = {isa = PBXFileReference; fileEncoding = 4; lastKnownFileType = sourcecode.c.h; path = AGIPCAlbumsController.h; sourceTree = "<group>"; };
		FEA599E714ED38ED0057FF9C /* AGIPCAlbumsController.m */ = {isa = PBXFileReference; fileEncoding = 4; lastKnownFileType = sourcecode.c.objc; path = AGIPCAlbumsController.m; sourceTree = "<group>"; };
		FECDC8FF14EDB9C30038006D /* AGIPCGridCell.h */ = {isa = PBXFileReference; fileEncoding = 4; lastKnownFileType = sourcecode.c.h; path = AGIPCGridCell.h; sourceTree = "<group>"; };
		FECDC90014EDB9C30038006D /* AGIPCGridCell.m */ = {isa = PBXFileReference; fileEncoding = 4; lastKnownFileType = sourcecode.c.objc; path = AGIPCGridCell.m; sourceTree = "<group>"; };
		FECDC90314EDBB690038006D /* AGIPCGridItem.h */ = {isa = PBXFileReference; fileEncoding = 4; lastKnownFileType = sourcecode.c.h; path = AGIPCGridItem.h; sourceTree = "<group>"; };
		FECDC90414EDBB690038006D /* AGIPCGridItem.m */ = {isa = PBXFileReference; fileEncoding = 4; lastKnownFileType = sourcecode.c.objc; path = AGIPCGridItem.m; sourceTree = "<group>"; };
		FEDAA95616C3089600234FF0 /* AGImagePickerController.bundle */ = {isa = PBXFileReference; lastKnownFileType = "wrapper.plug-in"; path = AGImagePickerController.bundle; sourceTree = "<group>"; };
		FEE0F35C16C509EF001A077B /* AGImagePickerController.podspec */ = {isa = PBXFileReference; fileEncoding = 4; lastKnownFileType = text; path = AGImagePickerController.podspec; sourceTree = "<group>"; };
		FEF247F1150DF461008FEFAD /* AGImagePickerController-icon.png */ = {isa = PBXFileReference; lastKnownFileType = image.png; name = "AGImagePickerController-icon.png"; path = "../AGImagePickerController-icon.png"; sourceTree = "<group>"; };
		FEF247F4150DF463008FEFAD /* AGImagePickerController-icon@2x.png */ = {isa = PBXFileReference; lastKnownFileType = image.png; name = "AGImagePickerController-icon@2x.png"; path = "../AGImagePickerController-icon@2x.png"; sourceTree = "<group>"; };
/* End PBXFileReference section */

/* Begin PBXFrameworksBuildPhase section */
		FE1E332114ED167800F6A6A2 /* Frameworks */ = {
			isa = PBXFrameworksBuildPhase;
			buildActionMask = 2147483647;
			files = (
				54A1E5551882A31E00D556FD /* CoreLocation.framework in Frameworks */,
				FEDAA95516C2F3D600234FF0 /* AssetsLibrary.framework in Frameworks */,
				FE1E332914ED167800F6A6A2 /* UIKit.framework in Frameworks */,
				FE1E332B14ED167800F6A6A2 /* Foundation.framework in Frameworks */,
			);
			runOnlyForDeploymentPostprocessing = 0;
		};
/* End PBXFrameworksBuildPhase section */

/* Begin PBXGroup section */
		FE1E331914ED167800F6A6A2 = {
			isa = PBXGroup;
			children = (
				FEE0F35C16C509EF001A077B /* AGImagePickerController.podspec */,
				FEA599C714ED1A8C0057FF9C /* AGImagePickerController */,
				FE1E332E14ED167800F6A6A2 /* AGImagePickerController Demo */,
				FE1E332714ED167800F6A6A2 /* Frameworks */,
				FE1E332514ED167800F6A6A2 /* Products */,
			);
			sourceTree = "<group>";
		};
		FE1E332514ED167800F6A6A2 /* Products */ = {
			isa = PBXGroup;
			children = (
				FE1E332414ED167800F6A6A2 /* AGImagePickerController Demo.app */,
			);
			name = Products;
			sourceTree = "<group>";
		};
		FE1E332714ED167800F6A6A2 /* Frameworks */ = {
			isa = PBXGroup;
			children = (
				54A1E5541882A31E00D556FD /* CoreLocation.framework */,
				FEA599E114ED30140057FF9C /* AssetsLibrary.framework */,
				FE1E332814ED167800F6A6A2 /* UIKit.framework */,
				FE1E332A14ED167800F6A6A2 /* Foundation.framework */,
				FE1E332C14ED167800F6A6A2 /* CoreGraphics.framework */,
			);
			name = Frameworks;
			sourceTree = "<group>";
		};
		FE1E332E14ED167800F6A6A2 /* AGImagePickerController Demo */ = {
			isa = PBXGroup;
			children = (
				FE1E333714ED167800F6A6A2 /* AGAppDelegate.h */,
				FE1E333814ED167800F6A6A2 /* AGAppDelegate.m */,
				FE1E333A14ED167800F6A6A2 /* AGViewController.h */,
				FE1E333B14ED167800F6A6A2 /* AGViewController.m */,
				FE1E333D14ED167800F6A6A2 /* AGViewController_iPhone.xib */,
				FE1E334014ED167800F6A6A2 /* AGViewController_iPad.xib */,
				FE1E332F14ED167800F6A6A2 /* Supporting Files */,
			);
			path = "AGImagePickerController Demo";
			sourceTree = "<group>";
		};
		FE1E332F14ED167800F6A6A2 /* Supporting Files */ = {
			isa = PBXGroup;
			children = (
				FE4DE10016C2546B0075E499 /* Default-568h@2x.png */,
				FEF247F4150DF463008FEFAD /* AGImagePickerController-icon@2x.png */,
				FEF247F1150DF461008FEFAD /* AGImagePickerController-icon.png */,
				FE3850CA1501B8A10053C9DD /* README.md */,
				FE1E333014ED167800F6A6A2 /* AGImagePickerController Demo-Info.plist */,
				FE1E333114ED167800F6A6A2 /* InfoPlist.strings */,
				FE1E333414ED167800F6A6A2 /* main.m */,
				FE1E333614ED167800F6A6A2 /* AGImagePickerController Demo-Prefix.pch */,
			);
			name = "Supporting Files";
			sourceTree = "<group>";
		};
		FEA599C714ED1A8C0057FF9C /* AGImagePickerController */ = {
			isa = PBXGroup;
			children = (
				FE4DE10216C267400075E499 /* AGImagePickerController+Helper.h */,
				FE4DE10316C267410075E499 /* AGImagePickerController+Helper.m */,
				FEDAA95616C3089600234FF0 /* AGImagePickerController.bundle */,
				FEA599C914ED1C500057FF9C /* AGImagePickerController.h */,
				FEA599CA14ED1C500057FF9C /* AGImagePickerController.m */,
				FE6E796014FCDC8A006612F0 /* AGImagePickerControllerDefines.h */,
				FEA599E614ED38ED0057FF9C /* AGIPCAlbumsController.h */,
				FEA599E714ED38ED0057FF9C /* AGIPCAlbumsController.m */,
				FE3BAF8614EE80E7001BF3EC /* AGIPCAssetsController.h */,
				FE3BAF8714EE80E7001BF3EC /* AGIPCAssetsController.m */,
				FECDC8FF14EDB9C30038006D /* AGIPCGridCell.h */,
				FECDC90014EDB9C30038006D /* AGIPCGridCell.m */,
				FECDC90314EDBB690038006D /* AGIPCGridItem.h */,
				FECDC90414EDBB690038006D /* AGIPCGridItem.m */,
				FE3851AD1504CF7B00A9F7F8 /* AGIPCToolbarItem.h */,
				FE3851AE1504CF7B00A9F7F8 /* AGIPCToolbarItem.m */,
				FE465F971590B25A00C30A1D /* ALAsset+AGIPC.h */,
				FE465F981590B25A00C30A1D /* ALAsset+AGIPC.m */,
			);
			path = AGImagePickerController;
			sourceTree = "<group>";
		};
/* End PBXGroup section */

/* Begin PBXNativeTarget section */
		FE1E332314ED167800F6A6A2 /* AGImagePickerController Demo */ = {
			isa = PBXNativeTarget;
			buildConfigurationList = FE1E334514ED167800F6A6A2 /* Build configuration list for PBXNativeTarget "AGImagePickerController Demo" */;
			buildPhases = (
				FE1E332014ED167800F6A6A2 /* Sources */,
				FE1E332114ED167800F6A6A2 /* Frameworks */,
				FE1E332214ED167800F6A6A2 /* Resources */,
			);
			buildRules = (
			);
			dependencies = (
			);
			name = "AGImagePickerController Demo";
			productName = "AGImagePickerController Demo";
			productReference = FE1E332414ED167800F6A6A2 /* AGImagePickerController Demo.app */;
			productType = "com.apple.product-type.application";
		};
/* End PBXNativeTarget section */

/* Begin PBXProject section */
		FE1E331B14ED167800F6A6A2 /* Project object */ = {
			isa = PBXProject;
			attributes = {
				LastUpgradeCheck = 0460;
				ORGANIZATIONNAME = "Artur Grigor";
			};
			buildConfigurationList = FE1E331E14ED167800F6A6A2 /* Build configuration list for PBXProject "AGImagePickerController Demo" */;
			compatibilityVersion = "Xcode 3.2";
			developmentRegion = English;
			hasScannedForEncodings = 0;
			knownRegions = (
				en,
			);
			mainGroup = FE1E331914ED167800F6A6A2;
			productRefGroup = FE1E332514ED167800F6A6A2 /* Products */;
			projectDirPath = "";
			projectRoot = "";
			targets = (
				FE1E332314ED167800F6A6A2 /* AGImagePickerController Demo */,
			);
		};
/* End PBXProject section */

/* Begin PBXResourcesBuildPhase section */
		FE1E332214ED167800F6A6A2 /* Resources */ = {
			isa = PBXResourcesBuildPhase;
			buildActionMask = 2147483647;
			files = (
				FE1E333314ED167800F6A6A2 /* InfoPlist.strings in Resources */,
				FE1E333F14ED167800F6A6A2 /* AGViewController_iPhone.xib in Resources */,
				FE1E334214ED167800F6A6A2 /* AGViewController_iPad.xib in Resources */,
				FE3850CB1501B8A10053C9DD /* README.md in Resources */,
				FEF247F2150DF461008FEFAD /* AGImagePickerController-icon.png in Resources */,
				FEF247F5150DF463008FEFAD /* AGImagePickerController-icon@2x.png in Resources */,
				FE4DE10116C2546B0075E499 /* Default-568h@2x.png in Resources */,
				FEDAA95716C3089600234FF0 /* AGImagePickerController.bundle in Resources */,
				FEE0F35D16C509EF001A077B /* AGImagePickerController.podspec in Resources */,
			);
			runOnlyForDeploymentPostprocessing = 0;
		};
/* End PBXResourcesBuildPhase section */

/* Begin PBXSourcesBuildPhase section */
		FE1E332014ED167800F6A6A2 /* Sources */ = {
			isa = PBXSourcesBuildPhase;
			buildActionMask = 2147483647;
			files = (
				FE1E333514ED167800F6A6A2 /* main.m in Sources */,
				FE1E333914ED167800F6A6A2 /* AGAppDelegate.m in Sources */,
				FE1E333C14ED167800F6A6A2 /* AGViewController.m in Sources */,
				FEA599CC14ED1C500057FF9C /* AGImagePickerController.m in Sources */,
				FEA599E814ED38EE0057FF9C /* AGIPCAlbumsController.m in Sources */,
				FECDC90114EDB9C30038006D /* AGIPCGridCell.m in Sources */,
				FECDC90514EDBB690038006D /* AGIPCGridItem.m in Sources */,
				FE3BAF8814EE80E7001BF3EC /* AGIPCAssetsController.m in Sources */,
				FE3851AF1504CF7B00A9F7F8 /* AGIPCToolbarItem.m in Sources */,
				FE465F991590B25A00C30A1D /* ALAsset+AGIPC.m in Sources */,
				FE4DE10416C267410075E499 /* AGImagePickerController+Helper.m in Sources */,
			);
			runOnlyForDeploymentPostprocessing = 0;
		};
/* End PBXSourcesBuildPhase section */

/* Begin PBXVariantGroup section */
		FE1E333114ED167800F6A6A2 /* InfoPlist.strings */ = {
			isa = PBXVariantGroup;
			children = (
				FE1E333214ED167800F6A6A2 /* en */,
			);
			name = InfoPlist.strings;
			sourceTree = "<group>";
		};
		FE1E333D14ED167800F6A6A2 /* AGViewController_iPhone.xib */ = {
			isa = PBXVariantGroup;
			children = (
				FE1E333E14ED167800F6A6A2 /* en */,
			);
			name = AGViewController_iPhone.xib;
			sourceTree = "<group>";
		};
		FE1E334014ED167800F6A6A2 /* AGViewController_iPad.xib */ = {
			isa = PBXVariantGroup;
			children = (
				FE1E334114ED167800F6A6A2 /* en */,
			);
			name = AGViewController_iPad.xib;
			sourceTree = "<group>";
		};
/* End PBXVariantGroup section */

/* Begin XCBuildConfiguration section */
		FE1E334314ED167800F6A6A2 /* Debug */ = {
			isa = XCBuildConfiguration;
			buildSettings = {
				ALWAYS_SEARCH_USER_PATHS = NO;
				ARCHS = "$(ARCHS_STANDARD_32_BIT)";
				CLANG_WARN_CONSTANT_CONVERSION = YES;
				CLANG_WARN_ENUM_CONVERSION = YES;
				CLANG_WARN_INT_CONVERSION = YES;
				CLANG_WARN__DUPLICATE_METHOD_MATCH = YES;
				CODE_SIGN_IDENTITY = "";
				"CODE_SIGN_IDENTITY[sdk=iphoneos*]" = "";
				COPY_PHASE_STRIP = NO;
				GCC_C_LANGUAGE_STANDARD = gnu99;
				GCC_DYNAMIC_NO_PIC = NO;
				GCC_OPTIMIZATION_LEVEL = 0;
				GCC_PREPROCESSOR_DEFINITIONS = (
					"DEBUG=1",
					"$(inherited)",
				);
				GCC_SYMBOLS_PRIVATE_EXTERN = NO;
				GCC_VERSION = com.apple.compilers.llvm.clang.1_0;
				GCC_WARN_ABOUT_MISSING_PROTOTYPES = YES;
				GCC_WARN_ABOUT_RETURN_TYPE = YES;
				GCC_WARN_UNINITIALIZED_AUTOS = YES;
				GCC_WARN_UNUSED_VARIABLE = YES;
				IPHONEOS_DEPLOYMENT_TARGET = 5.0;
				SDKROOT = iphoneos;
				TARGETED_DEVICE_FAMILY = "1,2";
			};
			name = Debug;
		};
		FE1E334414ED167800F6A6A2 /* Release */ = {
			isa = XCBuildConfiguration;
			buildSettings = {
				ALWAYS_SEARCH_USER_PATHS = NO;
				ARCHS = "$(ARCHS_STANDARD_32_BIT)";
				CLANG_WARN_CONSTANT_CONVERSION = YES;
				CLANG_WARN_ENUM_CONVERSION = YES;
				CLANG_WARN_INT_CONVERSION = YES;
				CLANG_WARN__DUPLICATE_METHOD_MATCH = YES;
				CODE_SIGN_IDENTITY = "";
				"CODE_SIGN_IDENTITY[sdk=iphoneos*]" = "";
				COPY_PHASE_STRIP = YES;
				GCC_C_LANGUAGE_STANDARD = gnu99;
				GCC_VERSION = com.apple.compilers.llvm.clang.1_0;
				GCC_WARN_ABOUT_MISSING_PROTOTYPES = YES;
				GCC_WARN_ABOUT_RETURN_TYPE = YES;
				GCC_WARN_UNINITIALIZED_AUTOS = YES;
				GCC_WARN_UNUSED_VARIABLE = YES;
				IPHONEOS_DEPLOYMENT_TARGET = 5.0;
				OTHER_CFLAGS = "-DNS_BLOCK_ASSERTIONS=1";
				SDKROOT = iphoneos;
				TARGETED_DEVICE_FAMILY = "1,2";
				VALIDATE_PRODUCT = YES;
			};
			name = Release;
		};
		FE1E334614ED167800F6A6A2 /* Debug */ = {
			isa = XCBuildConfiguration;
			buildSettings = {
				CLANG_ENABLE_OBJC_ARC = YES;
				"CODE_SIGN_IDENTITY[sdk=iphoneos*]" = "iPhone Developer";
				GCC_PRECOMPILE_PREFIX_HEADER = YES;
				GCC_PREFIX_HEADER = "AGImagePickerController Demo/AGImagePickerController Demo-Prefix.pch";
				INFOPLIST_FILE = "AGImagePickerController Demo/AGImagePickerController Demo-Info.plist";
				IPHONEOS_DEPLOYMENT_TARGET = 4.3;
				PRODUCT_NAME = "$(TARGET_NAME)";
				"PROVISIONING_PROFILE[sdk=iphoneos*]" = "";
				WRAPPER_EXTENSION = app;
			};
			name = Debug;
		};
		FE1E334714ED167800F6A6A2 /* Release */ = {
			isa = XCBuildConfiguration;
			buildSettings = {
				CLANG_ENABLE_OBJC_ARC = YES;
				"CODE_SIGN_IDENTITY[sdk=iphoneos*]" = "";
				GCC_PRECOMPILE_PREFIX_HEADER = YES;
				GCC_PREFIX_HEADER = "AGImagePickerController Demo/AGImagePickerController Demo-Prefix.pch";
				INFOPLIST_FILE = "AGImagePickerController Demo/AGImagePickerController Demo-Info.plist";
				IPHONEOS_DEPLOYMENT_TARGET = 4.3;
				PRODUCT_NAME = "$(TARGET_NAME)";
				WRAPPER_EXTENSION = app;
			};
			name = Release;
		};
/* End XCBuildConfiguration section */

/* Begin XCConfigurationList section */
		FE1E331E14ED167800F6A6A2 /* Build configuration list for PBXProject "AGImagePickerController Demo" */ = {
			isa = XCConfigurationList;
			buildConfigurations = (
				FE1E334314ED167800F6A6A2 /* Debug */,
				FE1E334414ED167800F6A6A2 /* Release */,
			);
			defaultConfigurationIsVisible = 0;
			defaultConfigurationName = Release;
		};
		FE1E334514ED167800F6A6A2 /* Build configuration list for PBXNativeTarget "AGImagePickerController Demo" */ = {
			isa = XCConfigurationList;
			buildConfigurations = (
				FE1E334614ED167800F6A6A2 /* Debug */,
				FE1E334714ED167800F6A6A2 /* Release */,
			);
			defaultConfigurationIsVisible = 0;
			defaultConfigurationName = Release;
		};
/* End XCConfigurationList section */
	};
	rootObject = FE1E331B14ED167800F6A6A2 /* Project object */;
}
